<?xml version="1.0" encoding="utf-8"?>
<Project ToolsVersion="4.0" xmlns="http://schemas.microsoft.com/developer/msbuild/2003">
  <ItemGroup>
    <Filter Include="system">
      <UniqueIdentifier>{22dd8095-74f9-46df-81a1-36675a040b1f}</UniqueIdentifier>
    </Filter>
    <Filter Include="PathMove">
      <UniqueIdentifier>{600d77f9-4669-4a0a-b54f-a3b630db0605}</UniqueIdentifier>
    </Filter>
  </ItemGroup>
  <ItemGroup>
    <ClCompile Include="stdafx.cpp" />
    <ClCompile Include="main.cpp" />
    <ClCompile Include="system\system.cpp">
      <Filter>system</Filter>
    </ClCompile>
    <ClCompile Include="Game.cpp" />
    <ClCompile Include="BackGround.cpp" />
    <ClCompile Include="Player.cpp" />
    <ClCompile Include="GameCamera.cpp" />
    <ClCompile Include="PlayerIdleState.cpp" />
    <ClCompile Include="PlayerStartState.cpp" />
    <ClCompile Include="PlayerPushState.cpp" />
    <ClCompile Include="PlayerRunState.cpp" />
    <ClCompile Include="PlayerJumpState.cpp" />
    <ClCompile Include="PlayerDriftState.cpp" />
    <ClCompile Include="GameTimer.cpp" />
    <ClCompile Include="InventoryUI.cpp" />
    <ClCompile Include="MapUI.cpp" />
    <ClCompile Include="StartButtonUI.cpp" />
    <ClCompile Include="ShopHamburger.cpp" />
    <ClCompile Include="ShopPizza.cpp" />
    <ClCompile Include="ShopSushi.cpp" />
    <ClCompile Include="CustomerMan.cpp" />
    <ClCompile Include="CustomerWoman.cpp" />
    <ClCompile Include="CustomerManIdleState.cpp" />
    <ClCompile Include="CustomerMan_Hamburger.cpp" />
    <ClCompile Include="CustomerMan_Pizza.cpp" />
    <ClCompile Include="CustomerMan_Sushi.cpp" />
    <ClCompile Include="CustomerManHandState.cpp" />
    <ClCompile Include="CustomerManHappyState.cpp" />
    <ClCompile Include="CustomerManFailureState.cpp" />
    <ClCompile Include="MakeEffect.cpp" />
    <ClCompile Include="ResultUI.cpp" />
    <ClCompile Include="GameSound.cpp" />
    <ClCompile Include="GameInformation.cpp" />
    <ClCompile Include="Fade.cpp" />
    <ClCompile Include="PathStorage.cpp">
      <Filter>PathMove</Filter>
    </ClCompile>
    <ClCompile Include="Path.cpp">
      <Filter>PathMove</Filter>
    </ClCompile>
    <ClCompile Include="GameTitle.cpp" />
  </ItemGroup>
  <ItemGroup>
    <ClInclude Include="stdafx.h" />
    <ClInclude Include="system\system.h">
      <Filter>system</Filter>
    </ClInclude>
    <ClInclude Include="Game.h" />
    <ClInclude Include="BackGround.h" />
    <ClInclude Include="Player.h" />
    <ClInclude Include="GameCamera.h" />
    <ClInclude Include="IPlayerState.h" />
    <ClInclude Include="PlayerIdleState.h" />
    <ClInclude Include="PlayerStartState.h" />
    <ClInclude Include="PlayerPushState.h" />
    <ClInclude Include="PlayerRunState.h" />
    <ClInclude Include="PlayerJumpState.h" />
    <ClInclude Include="PlayerDriftState.h" />
    <ClInclude Include="GameTimer.h" />
    <ClInclude Include="InventoryUI.h" />
    <ClInclude Include="MapUI.h" />
    <ClInclude Include="StartButtonUI.h" />
    <ClInclude Include="ShopHamburger.h" />
    <ClInclude Include="ShopPizza.h" />
    <ClInclude Include="ShopSushi.h" />
    <ClInclude Include="CustomerMan.h" />
    <ClInclude Include="CustomerWoman.h" />
    <ClInclude Include="ICustomerManState.h" />
    <ClInclude Include="CustomerManIdleState.h" />
    <ClInclude Include="CustomerMan_Hamburger.h" />
    <ClInclude Include="CustomerMan_Pizza.h" />
    <ClInclude Include="CustomerMan_Sushi.h" />
    <ClInclude Include="CustomerManHandState.h" />
    <ClInclude Include="CustomerManHappyState.h" />
    <ClInclude Include="CustomerManFailureState.h" />
    <ClInclude Include="MakeEffect.h" />
    <ClInclude Include="ResultUI.h" />
    <ClInclude Include="GameSound.h" />
    <ClInclude Include="GameInformation.h" />
    <ClInclude Include="Fade.h" />
    <ClInclude Include="PathStorage.h">
      <Filter>PathMove</Filter>
    </ClInclude>
    <ClInclude Include="Path.h">
      <Filter>PathMove</Filter>
    </ClInclude>
    <ClInclude Include="GameTitle.h" />
  </ItemGroup>
</Project>