<?xml version="1.0" encoding="utf-8"?>
<Project ToolsVersion="4.0" xmlns="http://schemas.microsoft.com/developer/msbuild/2003">
  <ItemGroup>
    <Filter Include="system">
      <UniqueIdentifier>{22dd8095-74f9-46df-81a1-36675a040b1f}</UniqueIdentifier>
    </Filter>
    <Filter Include="PathMove">
      <UniqueIdentifier>{600d77f9-4669-4a0a-b54f-a3b630db0605}</UniqueIdentifier>
    </Filter>
  </ItemGroup>
  <ItemGroup>
    <ClCompile Include="stdafx.cpp" />
    <ClCompile Include="main.cpp" />
    <ClCompile Include="system\system.cpp">
      <Filter>system</Filter>
    </ClCompile>
    <ClCompile Include="Scene\Game.cpp" />
    <ClCompile Include="BackGround.cpp" />
    <ClCompile Include="Player\Player.cpp" />
    <ClCompile Include="GameCamera.cpp" />
    <ClCompile Include="Player\PlayerIdleState.cpp" />
    <ClCompile Include="Player\PlayerStartState.cpp" />
    <ClCompile Include="Player\PlayerPushState.cpp" />
    <ClCompile Include="Player\PlayerRunState.cpp" />
    <ClCompile Include="Player\PlayerJumpState.cpp" />
    <ClCompile Include="Player\PlayerDriftState.cpp" />
    <ClCompile Include="UI\GameTimer.cpp" />
    <ClCompile Include="UI\InventoryUI.cpp" />
    <ClCompile Include="UI\MapUI.cpp" />
    <ClCompile Include="UI\StartButtonUI.cpp" />
    <ClCompile Include="Shop\ShopHamburger.cpp" />
    <ClCompile Include="Shop\ShopPizza.cpp" />
    <ClCompile Include="Shop\ShopSushi.cpp" />
    <ClCompile Include="Customer\CustomerMan.cpp" />
    <ClCompile Include="Customer\CustomerWoman.cpp" />
    <ClCompile Include="Customer\CustomerManIdleState.cpp" />
    <ClCompile Include="Customer\CustomerManHandState.cpp" />
    <ClCompile Include="Customer\CustomerManHappyState.cpp" />
    <ClCompile Include="Customer\CustomerManFailureState.cpp" />
    <ClCompile Include="MakeEffect.cpp" />
    <ClCompile Include="UI\ResultUI.cpp" />
    <ClCompile Include="GameSound.cpp" />
    <ClCompile Include="GameInformation.cpp" />
    <ClCompile Include="Fade.cpp" />
    <ClCompile Include="PathStorage.cpp">
      <Filter>PathMove</Filter>
    </ClCompile>
    <ClCompile Include="Path.cpp">
      <Filter>PathMove</Filter>
    </ClCompile>
    <ClCompile Include="Scene\GameTitle.cpp" />
    <ClCompile Include="Character\Character.cpp" />
    <ClCompile Include="Customer\CustomerManHamburger.cpp" />
    <ClCompile Include="Customer\CustomerManPizza.cpp" />
    <ClCompile Include="Customer\CustomerManSushi.cpp" />
    <ClCompile Include="Shop\ShopBase.cpp" />
    <ClCompile Include="Player\State\IState.cpp" />
    <ClCompile Include="Player\State\IdleState.cpp" />
    <ClCompile Include="Player\State\PushState.cpp" />
    <ClCompile Include="Player\State\StartState.cpp" />
    <ClCompile Include="Player\State\RunState.cpp" />
    <ClCompile Include="Player\State\DriftState.cpp" />
    <ClCompile Include="Player\State\JumpState.cpp" />
    <ClCompile Include="Player\State\RunStateBase.cpp" />
    <ClCompile Include="UI\InventoryFoodIcon.cpp" />
    <ClCompile Include="UI\InventoryRewardMoneyIcon.cpp" />
    <ClCompile Include="UI\UIAnimationManager.cpp" />
    <ClCompile Include="UI\HasFoodManager.cpp" />
    <ClCompile Include="ParameterManager.cpp" />
    <ClCompile Include="FocusLine.cpp" />
    <ClCompile Include="Player\PlayerAngryState.cpp" />
    <ClCompile Include="GameEvents.cpp" />
  </ItemGroup>
  <ItemGroup>
    <ClInclude Include="stdafx.h" />
    <ClInclude Include="system\system.h">
      <Filter>system</Filter>
    </ClInclude>
    <ClInclude Include="Scene\Game.h" />
    <ClInclude Include="BackGround.h" />
    <ClInclude Include="Player\Player.h" />
    <ClInclude Include="GameCamera.h" />
    <ClInclude Include="Player\IPlayerState.h" />
    <ClInclude Include="Player\PlayerIdleState.h" />
    <ClInclude Include="Player\PlayerStartState.h" />
    <ClInclude Include="Player\PlayerPushState.h" />
    <ClInclude Include="Player\PlayerRunState.h" />
    <ClInclude Include="Player\PlayerJumpState.h" />
    <ClInclude Include="Player\PlayerDriftState.h" />
    <ClInclude Include="UI\GameTimer.h" />
    <ClInclude Include="UI\InventoryUI.h" />
    <ClInclude Include="UI\MapUI.h" />
    <ClInclude Include="UI\StartButtonUI.h" />
    <ClInclude Include="Shop\ShopHamburger.h" />
    <ClInclude Include="Shop\ShopPizza.h" />
    <ClInclude Include="Shop\ShopSushi.h" />
    <ClInclude Include="Customer\CustomerMan.h" />
    <ClInclude Include="Customer\CustomerWoman.h" />
    <ClInclude Include="Customer\ICustomerManState.h" />
    <ClInclude Include="Customer\CustomerManIdleState.h" />
    <ClInclude Include="Customer\CustomerManHandState.h" />
    <ClInclude Include="Customer\CustomerManHappyState.h" />
    <ClInclude Include="Customer\CustomerManFailureState.h" />
    <ClInclude Include="MakeEffect.h" />
    <ClInclude Include="UI\ResultUI.h" />
    <ClInclude Include="GameSound.h" />
    <ClInclude Include="GameInformation.h" />
    <ClInclude Include="Fade.h" />
    <ClInclude Include="PathStorage.h">
      <Filter>PathMove</Filter>
    </ClInclude>
    <ClInclude Include="Path.h">
      <Filter>PathMove</Filter>
    </ClInclude>
    <ClInclude Include="Scene\GameTitle.h" />
    <ClInclude Include="Character\Character.h" />
    <ClInclude Include="Customer\CustomerManHamburger.h" />
    <ClInclude Include="Customer\CustomerManPizza.h" />
    <ClInclude Include="Customer\CustomerManSushi.h" />
    <ClInclude Include="Shop\ShopBase.h" />
    <ClInclude Include="Utill\CRC32.h" />
    <ClInclude Include="Player\State\IState.h" />
    <ClInclude Include="Player\State\IdleState.h" />
    <ClInclude Include="Player\State\PushState.h" />
    <ClInclude Include="Player\State\StartState.h" />
    <ClInclude Include="Player\State\RunState.h" />
    <ClInclude Include="Player\State\DriftState.h" />
    <ClInclude Include="Player\State\JumpState.h" />
    <ClInclude Include="Player\State\RunStateBase.h" />
    <ClInclude Include="UI\InventoryFoodIcon.h" />
    <ClInclude Include="UI\InventoryRewardMoneyIcon.h" />
    <ClInclude Include="UI\UIAnimationManager.h" />
    <ClInclude Include="UI\UITypes.h" />
    <ClInclude Include="UI\HasFoodManager.h" />
    <ClInclude Include="json.hpp" />
    <ClInclude Include="ParameterManager.h" />
    <ClInclude Include="FocusLine.h" />
    <ClInclude Include="Player\PlayerAngryState.h" />
    <ClInclude Include="GameEvents.h" />
  </ItemGroup>
  <ItemGroup>
    <None Include="Assets\Parameter\PlayerParameter.json" />
  </ItemGroup>
</Project>